// !$*UTF8*$!
{
	archiveVersion = 1;
	classes = {};
	objectVersion = 50;
	objects = {

/* Begin PBXBuildFile section */
		A10000000000000000000011 /* UnityAssetEditorApp.swift in Sources */ = {isa = PBXBuildFile; fileRef = A10000000000000000000021 /* UnityAssetEditorApp.swift */; };
		A10000000000000000000012 /* AssetFile.swift in Sources */ = {isa = PBXBuildFile; fileRef = A10000000000000000000022 /* AssetFile.swift */; };
		A10000000000000000000013 /* AssetBackend.swift in Sources */ = {isa = PBXBuildFile; fileRef = A10000000000000000000023 /* AssetBackend.swift */; };
		A10000000000000000000014 /* FileImporter.swift in Sources */ = {isa = PBXBuildFile; fileRef = A10000000000000000000024 /* FileImporter.swift */; };
		A10000000000000000000015 /* RecentFilesStore.swift in Sources */ = {isa = PBXBuildFile; fileRef = A10000000000000000000025 /* RecentFilesStore.swift */; };
		A10000000000000000000016 /* HomeViewModel.swift in Sources */ = {isa = PBXBuildFile; fileRef = A10000000000000000000026 /* HomeViewModel.swift */; };
		A10000000000000000000017 /* HomeView.swift in Sources */ = {isa = PBXBuildFile; fileRef = A10000000000000000000027 /* HomeView.swift */; };
		A10000000000000000000019 /* SerializedFileModels.swift in Sources */ = {isa = PBXBuildFile; fileRef = A10000000000000000000029 /* SerializedFileModels.swift */; };
		A1000000000000000000001A /* AssetBundleModels.swift in Sources */ = {isa = PBXBuildFile; fileRef = A1000000000000000000002A /* AssetBundleModels.swift */; };
		A1000000000000000000001B /* AssetBackupService.swift in Sources */ = {isa = PBXBuildFile; fileRef = A1000000000000000000002B /* AssetBackupService.swift */; };
		A1000000000000000000001C /* SerializedFileParser.swift in Sources */ = {isa = PBXBuildFile; fileRef = A1000000000000000000002C /* SerializedFileParser.swift */; };
		A1000000000000000000001D /* AssetBundleParser.swift in Sources */ = {isa = PBXBuildFile; fileRef = A1000000000000000000002D /* AssetBundleParser.swift */; };
		A1000000000000000000001E /* TypeTreeDecoder.swift in Sources */ = {isa = PBXBuildFile; fileRef = A10000000000000000000033 /* TypeTreeDecoder.swift */; };
		A1000000000000000000001F /* SerializedFieldEditor.swift in Sources */ = {isa = PBXBuildFile; fileRef = A10000000000000000000034 /* SerializedFieldEditor.swift */; };
		A100000000000000000000B1 /* UnityAssetEditorTests.swift in Sources */ = {isa = PBXBuildFile; fileRef = A10000000000000000000028 /* UnityAssetEditorTests.swift */; };
		A100000000000000000000B2 /* Phase3ParserTests.swift in Sources */ = {isa = PBXBuildFile; fileRef = A10000000000000000000030 /* Phase3ParserTests.swift */; };
		A100000000000000000000B3 /* AssetDiffService.swift in Sources */ = {isa = PBXBuildFile; fileRef = A10000000000000000000035 /* AssetDiffService.swift */; };
		A100000000000000000000B4 /* DiffViewerView.swift in Sources */ = {isa = PBXBuildFile; fileRef = A10000000000000000000036 /* DiffViewerView.swift */; };
		A100000000000000000000B5 /* RawObjectData.swift in Sources */ = {isa = PBXBuildFile; fileRef = A10000000000000000000037 /* RawObjectData.swift */; };
		A100000000000000000000B6 /* HexViewerView.swift in Sources */ = {isa = PBXBuildFile; fileRef = A10000000000000000000038 /* HexViewerView.swift */; };
		A100000000000000000000B7 /* HexInspectorView.swift in Sources */ = {isa = PBXBuildFile; fileRef = A10000000000000000000039 /* HexInspectorView.swift */; };
		A100000000000000000000B8 /* HexSearchService.swift in Sources */ = {isa = PBXBuildFile; fileRef = A1000000000000000000003A /* HexSearchService.swift */; };
		A100000000000000000000B9 /* Phase4Tests.swift in Sources */ = {isa = PBXBuildFile; fileRef = A1000000000000000000003B /* Phase4Tests.swift */; };
		A10000000000000000000049 /* EditorHistory.swift in Sources */ = {isa = PBXBuildFile; fileRef = A10000000000000000000048 /* EditorHistory.swift */; };
		A1000000000000000000004A /* SerializedFileTransaction.swift in Sources */ = {isa = PBXBuildFile; fileRef = A10000000000000000000047 /* SerializedFileTransaction.swift */; };
		A1000000000000000000004C /* EditorHistoryView.swift in Sources */ = {isa = PBXBuildFile; fileRef = A1000000000000000000004B /* EditorHistoryView.swift */; };
		A1000000000000000000004D /* Phase5Tests.swift in Sources */ = {isa = PBXBuildFile; fileRef = A1000000000000000000004E /* Phase5Tests.swift */; };
		A10000000000000000000050 /* BundleEntryData.swift in Sources */ = {isa = PBXBuildFile; fileRef = A1000000000000000000004F /* BundleEntryData.swift */; };
		A100000000000000000000BA /* Phase6Tests.swift in Sources */ = {isa = PBXBuildFile; fileRef = A1000000000000000000009A /* Phase6Tests.swift */; };
		A100000000000000000000BB /* RawObjectDataProvider.swift in Sources */ = {isa = PBXBuildFile; fileRef = A10000000000000000000040 /* RawObjectDataProvider.swift */; };
		A100000000000000000000BC /* AssetDiffModels.swift in Sources */ = {isa = PBXBuildFile; fileRef = A10000000000000000000066 /* AssetDiffModels.swift */; };
/* End PBXBuildFile section */

/* Begin PBXFileReference section */
		A10000000000000000000021 /* UnityAssetEditorApp.swift */ = {isa = PBXFileReference; lastKnownFileType = sourcecode.swift; path = App/UnityAssetEditorApp.swift; sourceTree = "<group>"; };
		A10000000000000000000022 /* AssetFile.swift */ = {isa = PBXFileReference; lastKnownFileType = sourcecode.swift; path = Models/AssetFile.swift; sourceTree = "<group>"; };
		A10000000000000000000023 /* AssetBackend.swift */ = {isa = PBXFileReference; lastKnownFileType = sourcecode.swift; path = Core/AssetBackend.swift; sourceTree = "<group>"; };
		A10000000000000000000024 /* FileImporter.swift */ = {isa = PBXFileReference; lastKnownFileType = sourcecode.swift; path = FileSystem/FileImporter.swift; sourceTree = "<group>"; };
		A10000000000000000000025 /* RecentFilesStore.swift */ = {isa = PBXFileReference; lastKnownFileType = sourcecode.swift; path = Services/RecentFilesStore.swift; sourceTree = "<group>"; };
		A10000000000000000000026 /* HomeViewModel.swift */ = {isa = PBXFileReference; lastKnownFileType = sourcecode.swift; path = ViewModels/HomeViewModel.swift; sourceTree = "<group>"; };
		A10000000000000000000027 /* HomeView.swift */ = {isa = PBXFileReference; lastKnownFileType = sourcecode.swift; path = UI/HomeView.swift; sourceTree = "<group>"; };
		A10000000000000000000028 /* UnityAssetEditorTests.swift */ = {isa = PBXFileReference; lastKnownFileType = sourcecode.swift; path = UnityAssetEditorTests.swift; sourceTree = "<group>"; };
		A10000000000000000000029 /* SerializedFileModels.swift */ = {isa = PBXFileReference; lastKnownFileType = sourcecode.swift; path = Models/SerializedFileModels.swift; sourceTree = "<group>"; };
		A1000000000000000000002A /* AssetBundleModels.swift */ = {isa = PBXFileReference; lastKnownFileType = sourcecode.swift; path = Models/AssetBundleModels.swift; sourceTree = "<group>"; };
		A1000000000000000000002B /* AssetBackupService.swift */ = {isa = PBXFileReference; lastKnownFileType = sourcecode.swift; path = Services/AssetBackupService.swift; sourceTree = "<group>"; };
		A1000000000000000000002C /* SerializedFileParser.swift */ = {isa = PBXFileReference; lastKnownFileType = sourcecode.swift; path = Core/SerializedFileParser.swift; sourceTree = "<group>"; };
		A1000000000000000000002D /* AssetBundleParser.swift */ = {isa = PBXFileReference; lastKnownFileType = sourcecode.swift; path = Core/AssetBundleParser.swift; sourceTree = "<group>"; };
		A10000000000000000000030 /* Phase3ParserTests.swift */ = {isa = PBXFileReference; lastKnownFileType = sourcecode.swift; path = Phase3ParserTests.swift; sourceTree = "<group>"; };
		A10000000000000000000031 /* UnityAssetEditor.app */ = {isa = PBXFileReference; explicitFileType = wrapper.application; includeInIndex = 0; path = UnityAssetEditor.app; sourceTree = BUILT_PRODUCTS_DIR; };
		A10000000000000000000032 /* UnityAssetEditorTests.xctest */ = {isa = PBXFileReference; explicitFileType = wrapper.cfbundle; includeInIndex = 0; path = UnityAssetEditorTests.xctest; sourceTree = BUILT_PRODUCTS_DIR; };
		A10000000000000000000033 /* TypeTreeDecoder.swift */ = {isa = PBXFileReference; lastKnownFileType = sourcecode.swift; path = Core/TypeTreeDecoder.swift; sourceTree = "<group>"; };
		A10000000000000000000034 /* SerializedFieldEditor.swift */ = {isa = PBXFileReference; lastKnownFileType = sourcecode.swift; path = Core/SerializedFieldEditor.swift; sourceTree = "<group>"; };
		A1000000000000000000005D /* Info.plist */ = {isa = PBXFileReference; lastKnownFileType = text.plist.xml; path = Info.plist; sourceTree = "<group>"; };
		A10000000000000000000035 /* AssetDiffService.swift */ = {isa = PBXFileReference; lastKnownFileType = sourcecode.swift; path = Diff/AssetDiffService.swift; sourceTree = "<group>"; };
		A10000000000000000000036 /* DiffViewerView.swift */ = {isa = PBXFileReference; lastKnownFileType = sourcecode.swift; path = Diff/DiffViewerView.swift; sourceTree = "<group>"; };
		A10000000000000000000037 /* RawObjectData.swift */ = {isa = PBXFileReference; lastKnownFileType = sourcecode.swift; path = Models/RawObjectData.swift; sourceTree = "<group>"; };
		A10000000000000000000040 /* RawObjectDataProvider.swift */ = {isa = PBXFileReference; lastKnownFileType = sourcecode.swift; path = Core/RawObjectDataProvider.swift; sourceTree = "<group>"; };
		A10000000000000000000038 /* HexViewerView.swift */ = {isa = PBXFileReference; lastKnownFileType = sourcecode.swift; path = Hex/HexViewerView.swift; sourceTree = "<group>"; };
		A10000000000000000000039 /* HexInspectorView.swift */ = {isa = PBXFileReference; lastKnownFileType = sourcecode.swift; path = Hex/HexInspectorView.swift; sourceTree = "<group>"; };
		A1000000000000000000003A /* HexSearchService.swift */ = {isa = PBXFileReference; lastKnownFileType = sourcecode.swift; path = Hex/HexSearchService.swift; sourceTree = "<group>"; };
		A1000000000000000000003B /* Phase4Tests.swift */ = {isa = PBXFileReference; lastKnownFileType = sourcecode.swift; path = Phase4Tests.swift; sourceTree = "<group>"; };
		A10000000000000000000047 /* SerializedFileTransaction.swift */ = {isa = PBXFileReference; lastKnownFileType = sourcecode.swift; path = Core/SerializedFileTransaction.swift; sourceTree = "<group>"; };
		A10000000000000000000048 /* EditorHistory.swift */ = {isa = PBXFileReference; lastKnownFileType = sourcecode.swift; path = Core/EditorHistory.swift; sourceTree = "<group>"; };
		A1000000000000000000004B /* EditorHistoryView.swift */ = {isa = PBXFileReference; lastKnownFileType = sourcecode.swift; path = UI/EditorHistoryView.swift; sourceTree = "<group>"; };
		A1000000000000000000004E /* Phase5Tests.swift */ = {isa = PBXFileReference; lastKnownFileType = sourcecode.swift; path = Phase5Tests.swift; sourceTree = "<group>"; };
		A1000000000000000000004F /* BundleEntryData.swift */ = {isa = PBXFileReference; lastKnownFileType = sourcecode.swift; path = Models/BundleEntryData.swift; sourceTree = "<group>"; };
		A1000000000000000000009A /* Phase6Tests.swift */ = {isa = PBXFileReference; lastKnownFileType = sourcecode.swift; path = Phase6Tests.swift; sourceTree = "<group>"; };
		A10000000000000000000066 /* AssetDiffModels.swift */ = {isa = PBXFileReference; lastKnownFileType = sourcecode.swift; path = Models/AssetDiffModels.swift; sourceTree = "<group>"; };
/* End PBXFileReference section */

/* Begin PBXFrameworksBuildPhase section */
		A10000000000000000000041 /* Frameworks */ = {isa = PBXFrameworksBuildPhase; buildActionMask = 2147483647; files = (); runOnlyForDeploymentPostprocessing = 0; };
		A10000000000000000000044 /* Test Frameworks */ = {isa = PBXFrameworksBuildPhase; buildActionMask = 2147483647; files = (); runOnlyForDeploymentPostprocessing = 0; };
/* End PBXFrameworksBuildPhase section */

/* Begin PBXGroup section */
		A10000000000000000000051 = {isa = PBXGroup; children = (A10000000000000000000052 /* UnityAssetEditor */, A10000000000000000000054 /* UnityAssetEditorTests */, A10000000000000000000053 /* Products */,); sourceTree = "<group>"; };
		A10000000000000000000052 /* UnityAssetEditor */ = {isa = PBXGroup; children = (A10000000000000000000055 /* App */, A10000000000000000000056 /* UI */, A10000000000000000000057 /* ViewModels */, A10000000000000000000058 /* Core */, A10000000000000000000059 /* Models */, A1000000000000000000005A /* Services */, A1000000000000000000005B /* FileSystem */, A1000000000000000000005E /* Diff */, A1000000000000000000005F /* Hex */, A1000000000000000000005D /* Info.plist */); path = .; sourceTree = "<group>"; };
		A10000000000000000000054 /* UnityAssetEditorTests */ = {isa = PBXGroup; children = (A10000000000000000000028 /* UnityAssetEditorTests.swift */, A10000000000000000000030 /* Phase3ParserTests.swift */, A1000000000000000000003B /* Phase4Tests.swift */, A1000000000000000000004E /* Phase5Tests.swift */, A1000000000000000000009A /* Phase6Tests.swift */); path = Tests; sourceTree = "<group>"; };
		A10000000000000000000055 /* App */ = {isa = PBXGroup; children = (A10000000000000000000021,); path = .; sourceTree = "<group>"; };
		A10000000000000000000056 /* UI */ = {isa = PBXGroup; children = (A10000000000000000000027, A1000000000000000000004B); path = .; sourceTree = "<group>"; };
		A10000000000000000000057 /* ViewModels */ = {isa = PBXGroup; children = (A10000000000000000000026,); path = .; sourceTree = "<group>"; };
		A10000000000000000000058 /* Core */ = {isa = PBXGroup; children = (A10000000000000000000023, A1000000000000000000002C, A1000000000000000000002D, A10000000000000000000033, A10000000000000000000034, A10000000000000000000040, A10000000000000000000047, A10000000000000000000048); path = .; sourceTree = "<group>"; };
		A10000000000000000000059 /* Models */ = {isa = PBXGroup; children = (A10000000000000000000022, A10000000000000000000029, A1000000000000000000002A, A10000000000000000000037 /* RawObjectData.swift */, A1000000000000000000004F /* BundleEntryData.swift */, A10000000000000000000066 /* AssetDiffModels.swift */); path = .; sourceTree = "<group>"; };
		A1000000000000000000005A /* Services */ = {isa = PBXGroup; children = (A10000000000000000000025, A1000000000000000000002B,); path = .; sourceTree = "<group>"; };
		A1000000000000000000005B /* FileSystem */ = {isa = PBXGroup; children = (A10000000000000000000024,); path = .; sourceTree = "<group>"; };
		A1000000000000000000005E /* Diff */ = {isa = PBXGroup; children = (A10000000000000000000035 /* AssetDiffService.swift */, A10000000000000000000036 /* DiffViewerView.swift */); path = .; sourceTree = "<group>"; };
		A1000000000000000000005F /* Hex */ = {isa = PBXGroup; children = (A10000000000000000000038 /* HexViewerView.swift */, A10000000000000000000039 /* HexInspectorView.swift */, A1000000000000000000003A /* HexSearchService.swift */); path = .; sourceTree = "<group>"; };
		A10000000000000000000053 /* Products */ = {isa = PBXGroup; children = (A10000000000000000000031, A10000000000000000000032,); name = Products; sourceTree = "<group>"; };
/* End PBXGroup section */

/* Begin PBXNativeTarget section */
		A10000000000000000000061 /* UnityAssetEditor */ = {isa = PBXNativeTarget; buildConfigurationList = A10000000000000000000071; buildPhases = (A10000000000000000000042, A10000000000000000000041, A10000000000000000000043,); buildRules = (); dependencies = (); name = UnityAssetEditor; productName = UnityAssetEditor; productReference = A10000000000000000000031; productType = "com.apple.product-type.application"; };
		A10000000000000000000063 /* UnityAssetEditorTests */ = {isa = PBXNativeTarget; buildConfigurationList = A10000000000000000000073; buildPhases = (A10000000000000000000045, A10000000000000000000044, A10000000000000000000046,); buildRules = (); dependencies = (A10000000000000000000064,); name = UnityAssetEditorTests; productName = UnityAssetEditorTests; productReference = A10000000000000000000032; productType = "com.apple.product-type.bundle.unit-test"; };
/* End PBXNativeTarget section */

/* Begin PBXProject section */
		A10000000000000000000062 /* Project object */ = {isa = PBXProject; attributes = { LastSwiftUpdateCheck = 1500; TargetAttributes = { A10000000000000000000061 = { CreatedOnToolsVersion = 15.0; }; A10000000000000000000063 = { CreatedOnToolsVersion = 15.0; TestTargetID = A10000000000000000000061; }; }; }; buildConfigurationList = A10000000000000000000072; compatibilityVersion = "Xcode 14.0"; developmentRegion = en; hasScannedForEncodings = 0; knownRegions = (en, Base,); mainGroup = A10000000000000000000051; productRefGroup = A10000000000000000000053; projectDirPath = ""; projectRoot = ""; targets = (A10000000000000000000061, A10000000000000000000063,); };
/* End PBXProject section */

/* Begin PBXResourcesBuildPhase section */
		A10000000000000000000043 /* Resources */ = {isa = PBXResourcesBuildPhase; buildActionMask = 2147483647; files = (); runOnlyForDeploymentPostprocessing = 0; };
		A10000000000000000000046 /* Test Resources */ = {isa = PBXResourcesBuildPhase; buildActionMask = 2147483647; files = (); runOnlyForDeploymentPostprocessing = 0; };
/* End PBXResourcesBuildPhase section */

/* Begin PBXTargetDependency section */
		A10000000000000000000064 = {isa = PBXTargetDependency; target = A10000000000000000000061; targetProxy = A10000000000000000000065; };
/* End PBXTargetDependency section */

/* Begin PBXContainerItemProxy section */
		A10000000000000000000065 = {isa = PBXContainerItemProxy; containerPortal = A10000000000000000000062; proxyType = 1; remoteGlobalIDString = A10000000000000000000061; remoteInfo = UnityAssetEditor; };
/* End PBXContainerItemProxy section */

/* Begin PBXSourcesBuildPhase section */
		A10000000000000000000042 /* Sources */ = {isa = PBXSourcesBuildPhase; buildActionMask = 2147483647; files = (A10000000000000000000011, A10000000000000000000012, A10000000000000000000013, A10000000000000000000014, A10000000000000000000015, A10000000000000000000016, A10000000000000000000017, A10000000000000000000019, A1000000000000000000001A, A1000000000000000000001B, A1000000000000000000001C, A1000000000000000000001D, A1000000000000000000001E, A1000000000000000000001F, A100000000000000000000B3, A100000000000000000000B4, A100000000000000000000B5, A100000000000000000000B6, A100000000000000000000B7, A100000000000000000000B8, A10000000000000000000050, A100000000000000000000BB, A100000000000000000000BC, A10000000000000000000049, A1000000000000000000004A, A1000000000000000000004C,); runOnlyForDeploymentPostprocessing = 0; };
		A10000000000000000000045 /* Test Sources */ = {isa = PBXSourcesBuildPhase; buildActionMask = 2147483647; files = (A100000000000000000000B1, A100000000000000000000B2, A100000000000000000000B9, A1000000000000000000004D, A100000000000000000000BA,); runOnlyForDeploymentPostprocessing = 0; };
/* End PBXSourcesBuildPhase section */

/* Begin XCBuildConfiguration section */
		A10000000000000000000081 /* Debug */ = {isa = XCBuildConfiguration; buildSettings = { ASSETCATALOG_COMPILER_APPICON_NAME = AppIcon; ENABLE_TESTABILITY = YES; CODE_SIGN_STYLE = Automatic; CURRENT_PROJECT_VERSION = 1; DEVELOPMENT_TEAM = ""; INFOPLIST_KEY_CFBundleDisplayName = UnityAssetEditor; INFOPLIST_KEY_LSApplicationCategoryType = "public.app-category.developer-tools"; INFOPLIST_KEY_UIApplicationSceneManifest_Generation = YES; INFOPLIST_KEY_UIApplicationSupportsIndirectInputEvents = YES; INFOPLIST_KEY_UILaunchScreen_Generation = YES; INFOPLIST_FILE = Info.plist; INFOPLIST_KEY_UIStatusBarStyle = UIStatusBarStyleLightContent; IPHONEOS_DEPLOYMENT_TARGET = 16.0; LD_RUNPATH_SEARCH_PATHS = "$(inherited) @executable_path/Frameworks"; PRODUCT_BUNDLE_IDENTIFIER = com.example.UnityAssetEditor; PRODUCT_NAME = "$(TARGET_NAME)"; SWIFT_EMIT_LOC_STRINGS = YES; SWIFT_VERSION = 5.0; SDKROOT = iphoneos; PLATFORM_NAME = iphoneos; SUPPORTED_PLATFORMS = "iphoneos iphonesimulator"; SUPPORTS_MACCATALYST = NO; TARGETED_DEVICE_FAMILY = "1,2"; }; name = Debug; };
		A10000000000000000000082 /* Release */ = {isa = XCBuildConfiguration; buildSettings = { ASSETCATALOG_COMPILER_APPICON_NAME = AppIcon; ENABLE_TESTABILITY = YES; CODE_SIGN_STYLE = Automatic; CURRENT_PROJECT_VERSION = 1; DEVELOPMENT_TEAM = ""; INFOPLIST_KEY_CFBundleDisplayName = UnityAssetEditor; INFOPLIST_KEY_LSApplicationCategoryType = "public.app-category.developer-tools"; INFOPLIST_KEY_UIApplicationSceneManifest_Generation = YES; INFOPLIST_KEY_UIApplicationSupportsIndirectInputEvents = YES; INFOPLIST_KEY_UILaunchScreen_Generation = YES; INFOPLIST_FILE = Info.plist; INFOPLIST_KEY_UIStatusBarStyle = UIStatusBarStyleLightContent; IPHONEOS_DEPLOYMENT_TARGET = 16.0; LD_RUNPATH_SEARCH_PATHS = "$(inherited) @executable_path/Frameworks"; PRODUCT_BUNDLE_IDENTIFIER = com.example.UnityAssetEditor; PRODUCT_NAME = "$(TARGET_NAME)"; SDKROOT = iphoneos; PLATFORM_NAME = iphoneos; SUPPORTED_PLATFORMS = "iphoneos iphonesimulator"; SUPPORTS_MACCATALYST = NO; TARGETED_DEVICE_FAMILY = "1,2"; SWIFT_EMIT_LOC_STRINGS = YES; SWIFT_VERSION = 5.0; }; name = Release; };
		A10000000000000000000083 /* Test Debug */ = {isa = XCBuildConfiguration; buildSettings = { BUNDLE_LOADER = "$(TEST_HOST)"; CODE_SIGN_STYLE = Automatic; DEVELOPMENT_TEAM = ""; INFOPLIST_FILE = Tests/Info.plist; IPHONEOS_DEPLOYMENT_TARGET = 16.0; PRODUCT_BUNDLE_IDENTIFIER = com.example.UnityAssetEditorTests; PRODUCT_NAME = "$(TARGET_NAME)"; SWIFT_VERSION = 5.0; TEST_HOST = "$(BUILT_PRODUCTS_DIR)/UnityAssetEditor.app/UnityAssetEditor"; }; name = Debug; };
		A10000000000000000000084 /* Test Release */ = {isa = XCBuildConfiguration; buildSettings = { BUNDLE_LOADER = "$(TEST_HOST)"; CODE_SIGN_STYLE = Automatic; DEVELOPMENT_TEAM = ""; INFOPLIST_FILE = Tests/Info.plist; IPHONEOS_DEPLOYMENT_TARGET = 16.0; PRODUCT_BUNDLE_IDENTIFIER = com.example.UnityAssetEditorTests; PRODUCT_NAME = "$(TARGET_NAME)"; SWIFT_VERSION = 5.0; TEST_HOST = "$(BUILT_PRODUCTS_DIR)/UnityAssetEditor.app/UnityAssetEditor"; }; name = Release; };
/* End XCBuildConfiguration section */

/* Begin XCConfigurationList section */
		A10000000000000000000071 = {isa = XCConfigurationList; buildConfigurations = (A10000000000000000000081, A10000000000000000000082,); defaultConfigurationIsVisible = 0; defaultConfigurationName = Release; };
		A10000000000000000000072 = {isa = XCConfigurationList; buildConfigurations = (A10000000000000000000081, A10000000000000000000082,); defaultConfigurationIsVisible = 0; defaultConfigurationName = Release; };
		A10000000000000000000073 = {isa = XCConfigurationList; buildConfigurations = (A10000000000000000000083, A10000000000000000000084,); defaultConfigurationIsVisible = 0; defaultConfigurationName = Release; };
/* End XCConfigurationList section */
	};
	rootObject = A10000000000000000000062;
}
