// !$*UTF8*$!
{
	archiveVersion = 1;
	classes = {};
	objectVersion = 56;
	objects = {

/* Begin PBXBuildFile section */
		A10000000000000000000091 /* UnityAssetEditorApp.swift in Sources */ = {isa = PBXBuildFile; fileRef = A10000000000000000000090 /* UnityAssetEditorApp.swift */; };
		A10000000000000000000093 /* AssetBackend.swift in Sources */ = {isa = PBXBuildFile; fileRef = A10000000000000000000092 /* AssetBackend.swift */; };
		A10000000000000000000095 /* AssetBundleParser.swift in Sources */ = {isa = PBXBuildFile; fileRef = A10000000000000000000094 /* AssetBundleParser.swift */; };
		A10000000000000000000097 /* EditorHistory.swift in Sources */ = {isa = PBXBuildFile; fileRef = A10000000000000000000096 /* EditorHistory.swift */; };
		A10000000000000000000099 /* RawObjectDataProvider.swift in Sources */ = {isa = PBXBuildFile; fileRef = A10000000000000000000098 /* RawObjectDataProvider.swift */; };
		A1000000000000000000009B /* SerializedFieldEditor.swift in Sources */ = {isa = PBXBuildFile; fileRef = A1000000000000000000009A /* SerializedFieldEditor.swift */; };
		A1000000000000000000009D /* SerializedFileParser.swift in Sources */ = {isa = PBXBuildFile; fileRef = A1000000000000000000009C /* SerializedFileParser.swift */; };
		A1000000000000000000009F /* SerializedFileTransaction.swift in Sources */ = {isa = PBXBuildFile; fileRef = A1000000000000000000009E /* SerializedFileTransaction.swift */; };
		A100000000000000000000A1 /* TypeTreeDecoder.swift in Sources */ = {isa = PBXBuildFile; fileRef = A100000000000000000000A0 /* TypeTreeDecoder.swift */; };
		A100000000000000000000A3 /* AssetDiffService.swift in Sources */ = {isa = PBXBuildFile; fileRef = A100000000000000000000A2 /* AssetDiffService.swift */; };
		A100000000000000000000A5 /* DiffViewerView.swift in Sources */ = {isa = PBXBuildFile; fileRef = A100000000000000000000A4 /* DiffViewerView.swift */; };
		A100000000000000000000A7 /* FileImporter.swift in Sources */ = {isa = PBXBuildFile; fileRef = A100000000000000000000A6 /* FileImporter.swift */; };
		A100000000000000000000A9 /* HexInspectorView.swift in Sources */ = {isa = PBXBuildFile; fileRef = A100000000000000000000A8 /* HexInspectorView.swift */; };
		A100000000000000000000AB /* HexSearchService.swift in Sources */ = {isa = PBXBuildFile; fileRef = A100000000000000000000AA /* HexSearchService.swift */; };
		A100000000000000000000AD /* HexViewerView.swift in Sources */ = {isa = PBXBuildFile; fileRef = A100000000000000000000AC /* HexViewerView.swift */; };
		A100000000000000000000AF /* AssetBundleModels.swift in Sources */ = {isa = PBXBuildFile; fileRef = A100000000000000000000AE /* AssetBundleModels.swift */; };
		A100000000000000000000B1 /* AssetDiffModels.swift in Sources */ = {isa = PBXBuildFile; fileRef = A100000000000000000000B0 /* AssetDiffModels.swift */; };
		A100000000000000000000B3 /* AssetFile.swift in Sources */ = {isa = PBXBuildFile; fileRef = A100000000000000000000B2 /* AssetFile.swift */; };
		A100000000000000000000B5 /* BundleEntryData.swift in Sources */ = {isa = PBXBuildFile; fileRef = A100000000000000000000B4 /* BundleEntryData.swift */; };
		A100000000000000000000B7 /* RawObjectData.swift in Sources */ = {isa = PBXBuildFile; fileRef = A100000000000000000000B6 /* RawObjectData.swift */; };
		A100000000000000000000B9 /* SerializedFileModels.swift in Sources */ = {isa = PBXBuildFile; fileRef = A100000000000000000000B8 /* SerializedFileModels.swift */; };
		A100000000000000000000BB /* AssetBackupService.swift in Sources */ = {isa = PBXBuildFile; fileRef = A100000000000000000000BA /* AssetBackupService.swift */; };
		A100000000000000000000BD /* RecentFilesStore.swift in Sources */ = {isa = PBXBuildFile; fileRef = A100000000000000000000BC /* RecentFilesStore.swift */; };
		A100000000000000000000BF /* EditorHistoryView.swift in Sources */ = {isa = PBXBuildFile; fileRef = A100000000000000000000BE /* EditorHistoryView.swift */; };
		A100000000000000000000C1 /* HomeView.swift in Sources */ = {isa = PBXBuildFile; fileRef = A100000000000000000000C0 /* HomeView.swift */; };
		A100000000000000000000C3 /* HomeViewModel.swift in Sources */ = {isa = PBXBuildFile; fileRef = A100000000000000000000C2 /* HomeViewModel.swift */; };
		A100000000000000000000C5 /* Phase3ParserTests.swift in Sources */ = {isa = PBXBuildFile; fileRef = A100000000000000000000C4 /* Phase3ParserTests.swift */; };
		A100000000000000000000C7 /* Phase4Tests.swift in Sources */ = {isa = PBXBuildFile; fileRef = A100000000000000000000C6 /* Phase4Tests.swift */; };
		A100000000000000000000C9 /* Phase5Tests.swift in Sources */ = {isa = PBXBuildFile; fileRef = A100000000000000000000C8 /* Phase5Tests.swift */; };
		A100000000000000000000CB /* Phase6Tests.swift in Sources */ = {isa = PBXBuildFile; fileRef = A100000000000000000000CA /* Phase6Tests.swift */; };
		A100000000000000000000CD /* UnityAssetEditorTests.swift in Sources */ = {isa = PBXBuildFile; fileRef = A100000000000000000000CC /* UnityAssetEditorTests.swift */; };
		A100000000000000000000CF /* Info.plist in Sources */ = {isa = PBXBuildFile; fileRef = A100000000000000000000CE /* Info.plist */; };
		A100000000000000000000D1 /* Info.plist in Sources */ = {isa = PBXBuildFile; fileRef = A100000000000000000000D0 /* Info.plist */; };
/* End PBXBuildFile section */

/* Begin PBXFileReference section */
		A10000000000000000000090 /* UnityAssetEditorApp.swift */ = {isa = PBXFileReference; lastKnownFileType = sourcecode.swift; path = App/UnityAssetEditorApp.swift; sourceTree = "<group>"; };
		A10000000000000000000092 /* AssetBackend.swift */ = {isa = PBXFileReference; lastKnownFileType = sourcecode.swift; path = Core/AssetBackend.swift; sourceTree = "<group>"; };
		A10000000000000000000094 /* AssetBundleParser.swift */ = {isa = PBXFileReference; lastKnownFileType = sourcecode.swift; path = Core/AssetBundleParser.swift; sourceTree = "<group>"; };
		A10000000000000000000096 /* EditorHistory.swift */ = {isa = PBXFileReference; lastKnownFileType = sourcecode.swift; path = Core/EditorHistory.swift; sourceTree = "<group>"; };
		A10000000000000000000098 /* RawObjectDataProvider.swift */ = {isa = PBXFileReference; lastKnownFileType = sourcecode.swift; path = Core/RawObjectDataProvider.swift; sourceTree = "<group>"; };
		A1000000000000000000009A /* SerializedFieldEditor.swift */ = {isa = PBXFileReference; lastKnownFileType = sourcecode.swift; path = Core/SerializedFieldEditor.swift; sourceTree = "<group>"; };
		A1000000000000000000009C /* SerializedFileParser.swift */ = {isa = PBXFileReference; lastKnownFileType = sourcecode.swift; path = Core/SerializedFileParser.swift; sourceTree = "<group>"; };
		A1000000000000000000009E /* SerializedFileTransaction.swift */ = {isa = PBXFileReference; lastKnownFileType = sourcecode.swift; path = Core/SerializedFileTransaction.swift; sourceTree = "<group>"; };
		A100000000000000000000A0 /* TypeTreeDecoder.swift */ = {isa = PBXFileReference; lastKnownFileType = sourcecode.swift; path = Core/TypeTreeDecoder.swift; sourceTree = "<group>"; };
		A100000000000000000000A2 /* AssetDiffService.swift */ = {isa = PBXFileReference; lastKnownFileType = sourcecode.swift; path = Diff/AssetDiffService.swift; sourceTree = "<group>"; };
		A100000000000000000000A4 /* DiffViewerView.swift */ = {isa = PBXFileReference; lastKnownFileType = sourcecode.swift; path = Diff/DiffViewerView.swift; sourceTree = "<group>"; };
		A100000000000000000000A6 /* FileImporter.swift */ = {isa = PBXFileReference; lastKnownFileType = sourcecode.swift; path = FileSystem/FileImporter.swift; sourceTree = "<group>"; };
		A100000000000000000000A8 /* HexInspectorView.swift */ = {isa = PBXFileReference; lastKnownFileType = sourcecode.swift; path = Hex/HexInspectorView.swift; sourceTree = "<group>"; };
		A100000000000000000000AA /* HexSearchService.swift */ = {isa = PBXFileReference; lastKnownFileType = sourcecode.swift; path = Hex/HexSearchService.swift; sourceTree = "<group>"; };
		A100000000000000000000AC /* HexViewerView.swift */ = {isa = PBXFileReference; lastKnownFileType = sourcecode.swift; path = Hex/HexViewerView.swift; sourceTree = "<group>"; };
		A100000000000000000000AE /* AssetBundleModels.swift */ = {isa = PBXFileReference; lastKnownFileType = sourcecode.swift; path = Models/AssetBundleModels.swift; sourceTree = "<group>"; };
		A100000000000000000000B0 /* AssetDiffModels.swift */ = {isa = PBXFileReference; lastKnownFileType = sourcecode.swift; path = Models/AssetDiffModels.swift; sourceTree = "<group>"; };
		A100000000000000000000B2 /* AssetFile.swift */ = {isa = PBXFileReference; lastKnownFileType = sourcecode.swift; path = Models/AssetFile.swift; sourceTree = "<group>"; };
		A100000000000000000000B4 /* BundleEntryData.swift */ = {isa = PBXFileReference; lastKnownFileType = sourcecode.swift; path = Models/BundleEntryData.swift; sourceTree = "<group>"; };
		A100000000000000000000B6 /* RawObjectData.swift */ = {isa = PBXFileReference; lastKnownFileType = sourcecode.swift; path = Models/RawObjectData.swift; sourceTree = "<group>"; };
		A100000000000000000000B8 /* SerializedFileModels.swift */ = {isa = PBXFileReference; lastKnownFileType = sourcecode.swift; path = Models/SerializedFileModels.swift; sourceTree = "<group>"; };
		A100000000000000000000BA /* AssetBackupService.swift */ = {isa = PBXFileReference; lastKnownFileType = sourcecode.swift; path = Services/AssetBackupService.swift; sourceTree = "<group>"; };
		A100000000000000000000BC /* RecentFilesStore.swift */ = {isa = PBXFileReference; lastKnownFileType = sourcecode.swift; path = Services/RecentFilesStore.swift; sourceTree = "<group>"; };
		A100000000000000000000BE /* EditorHistoryView.swift */ = {isa = PBXFileReference; lastKnownFileType = sourcecode.swift; path = UI/EditorHistoryView.swift; sourceTree = "<group>"; };
		A100000000000000000000C0 /* HomeView.swift */ = {isa = PBXFileReference; lastKnownFileType = sourcecode.swift; path = UI/HomeView.swift; sourceTree = "<group>"; };
		A100000000000000000000C2 /* HomeViewModel.swift */ = {isa = PBXFileReference; lastKnownFileType = sourcecode.swift; path = ViewModels/HomeViewModel.swift; sourceTree = "<group>"; };
		A100000000000000000000C4 /* Phase3ParserTests.swift */ = {isa = PBXFileReference; lastKnownFileType = sourcecode.swift; path = Tests/Phase3ParserTests.swift; sourceTree = "<group>"; };
		A100000000000000000000C6 /* Phase4Tests.swift */ = {isa = PBXFileReference; lastKnownFileType = sourcecode.swift; path = Tests/Phase4Tests.swift; sourceTree = "<group>"; };
		A100000000000000000000C8 /* Phase5Tests.swift */ = {isa = PBXFileReference; lastKnownFileType = sourcecode.swift; path = Tests/Phase5Tests.swift; sourceTree = "<group>"; };
		A100000000000000000000CA /* Phase6Tests.swift */ = {isa = PBXFileReference; lastKnownFileType = sourcecode.swift; path = Tests/Phase6Tests.swift; sourceTree = "<group>"; };
		A100000000000000000000CC /* UnityAssetEditorTests.swift */ = {isa = PBXFileReference; lastKnownFileType = sourcecode.swift; path = Tests/UnityAssetEditorTests.swift; sourceTree = "<group>"; };
		A100000000000000000000CE /* Info.plist */ = {isa = PBXFileReference; lastKnownFileType = text.plist.xml; path = Info.plist; sourceTree = "<group>"; };
		A100000000000000000000D0 /* Info.plist */ = {isa = PBXFileReference; lastKnownFileType = text.plist.xml; path = Tests/Info.plist; sourceTree = "<group>"; };
		A10000000000000000000031 /* UnityAssetEditor.app */ = {isa = PBXFileReference; explicitFileType = wrapper.application; includeInIndex = 0; path = UnityAssetEditor.app; sourceTree = BUILT_PRODUCTS_DIR; };
		A10000000000000000000032 /* UnityAssetEditorTests.xctest */ = {isa = PBXFileReference; explicitFileType = wrapper.cfbundle; includeInIndex = 0; path = UnityAssetEditorTests.xctest; sourceTree = BUILT_PRODUCTS_DIR; };
/* End PBXFileReference section */

/* Begin PBXFrameworksBuildPhase section */
		A10000000000000000000041 /* Frameworks */ = {isa = PBXFrameworksBuildPhase; buildActionMask = 2147483647; files = (); runOnlyForDeploymentPostprocessing = 0; };
		A10000000000000000000044 /* Test Frameworks */ = {isa = PBXFrameworksBuildPhase; buildActionMask = 2147483647; files = (); runOnlyForDeploymentPostprocessing = 0; };
/* End PBXFrameworksBuildPhase section */

/* Begin PBXGroup section */
		A10000000000000000000051 = {isa = PBXGroup; children = (A10000000000000000000052, A10000000000000000000054, A10000000000000000000053,); sourceTree = "<group>"; };
		A10000000000000000000052 /* UnityAssetEditor */ = {isa = PBXGroup; children = (A10000000000000000000090, A10000000000000000000092, A10000000000000000000094, A10000000000000000000096, A10000000000000000000098, A1000000000000000000009A, A1000000000000000000009C, A1000000000000000000009E, A100000000000000000000A0, A100000000000000000000A2, A100000000000000000000A4, A100000000000000000000A6, A100000000000000000000A8, A100000000000000000000AA, A100000000000000000000AC, A100000000000000000000AE, A100000000000000000000B0, A100000000000000000000B2, A100000000000000000000B4, A100000000000000000000B6, A100000000000000000000B8, A100000000000000000000BA, A100000000000000000000BC, A100000000000000000000BE, A100000000000000000000C0, A100000000000000000000C2, A100000000000000000000CE,); path = .; sourceTree = "<group>"; };
		A10000000000000000000054 /* Tests */ = {isa = PBXGroup; children = (A100000000000000000000C4, A100000000000000000000C6, A100000000000000000000C8, A100000000000000000000CA, A100000000000000000000CC, A100000000000000000000D0,); path = Tests; sourceTree = "<group>"; };
		A10000000000000000000053 /* Products */ = {isa = PBXGroup; children = (A10000000000000000000031, A10000000000000000000032,); name = Products; sourceTree = "<group>"; };
/* End PBXGroup section */

/* Begin PBXNativeTarget section */
		A10000000000000000000061 /* UnityAssetEditor */ = {isa = PBXNativeTarget; buildConfigurationList = A10000000000000000000071; buildPhases = (A10000000000000000000042, A10000000000000000000041, A10000000000000000000043,); buildRules = (); dependencies = (); name = UnityAssetEditor; productName = UnityAssetEditor; productReference = A10000000000000000000031; productType = "com.apple.product-type.application"; };
		A10000000000000000000063 /* UnityAssetEditorTests */ = {isa = PBXNativeTarget; buildConfigurationList = A10000000000000000000073; buildPhases = (A10000000000000000000045, A10000000000000000000044, A10000000000000000000046,); buildRules = (); dependencies = (A10000000000000000000064,); name = UnityAssetEditorTests; productName = UnityAssetEditorTests; productReference = A10000000000000000000032; productType = "com.apple.product-type.bundle.unit-test"; };
/* End PBXNativeTarget section */

/* Begin PBXProject section */
		A10000000000000000000062 /* Project object */ = {isa = PBXProject; attributes = { LastSwiftUpdateCheck = 1600; TargetAttributes = { A10000000000000000000061 = { CreatedOnToolsVersion = 16.0; }; A10000000000000000000063 = { CreatedOnToolsVersion = 16.0; TestTargetID = A10000000000000000000061; }; }; }; buildConfigurationList = A10000000000000000000072; compatibilityVersion = "Xcode 14.0"; developmentRegion = en; hasScannedForEncodings = 0; knownRegions = (en, Base,); mainGroup = A10000000000000000000051; productRefGroup = A10000000000000000000053; projectDirPath = ""; projectRoot = ""; targets = (A10000000000000000000061, A10000000000000000000063,); };
/* End PBXProject section */

/* Begin PBXResourcesBuildPhase section */
		A10000000000000000000043 /* Resources */ = {isa = PBXResourcesBuildPhase; buildActionMask = 2147483647; files = (); runOnlyForDeploymentPostprocessing = 0; };
		A10000000000000000000046 /* Test Resources */ = {isa = PBXResourcesBuildPhase; buildActionMask = 2147483647; files = (); runOnlyForDeploymentPostprocessing = 0; };
/* End PBXResourcesBuildPhase section */

/* Begin PBXTargetDependency section */
		A10000000000000000000064 = {isa = PBXTargetDependency; target = A10000000000000000000061; targetProxy = A10000000000000000000065; };
/* End PBXTargetDependency section */

/* Begin PBXContainerItemProxy section */
		A10000000000000000000065 = {isa = PBXContainerItemProxy; containerPortal = A10000000000000000000062; proxyType = 1; remoteGlobalIDString = A10000000000000000000061; remoteInfo = UnityAssetEditor; };
/* End PBXContainerItemProxy section */

/* Begin PBXSourcesBuildPhase section */
		A10000000000000000000042 /* Sources */ = {isa = PBXSourcesBuildPhase; buildActionMask = 2147483647; files = (A10000000000000000000091, A10000000000000000000093, A10000000000000000000095, A10000000000000000000097, A10000000000000000000099, A1000000000000000000009B, A1000000000000000000009D, A1000000000000000000009F, A100000000000000000000A1, A100000000000000000000A3, A100000000000000000000A5, A100000000000000000000A7, A100000000000000000000A9, A100000000000000000000AB, A100000000000000000000AD, A100000000000000000000AF, A100000000000000000000B1, A100000000000000000000B3, A100000000000000000000B5, A100000000000000000000B7, A100000000000000000000B9, A100000000000000000000BB, A100000000000000000000BD, A100000000000000000000BF, A100000000000000000000C1, A100000000000000000000C3,); runOnlyForDeploymentPostprocessing = 0; };
		A10000000000000000000045 /* Test Sources */ = {isa = PBXSourcesBuildPhase; buildActionMask = 2147483647; files = (A100000000000000000000C5, A100000000000000000000C7, A100000000000000000000C9, A100000000000000000000CB, A100000000000000000000CD,); runOnlyForDeploymentPostprocessing = 0; };
/* End PBXSourcesBuildPhase section */

/* Begin XCBuildConfiguration section */
		A10000000000000000000081 /* Debug */ = {isa = XCBuildConfiguration; buildSettings = { ASSETCATALOG_COMPILER_APPICON_NAME = AppIcon; CODE_SIGN_STYLE = Manual; CODE_SIGNING_ALLOWED = NO; CODE_SIGNING_REQUIRED = NO; CURRENT_PROJECT_VERSION = 1; DEVELOPMENT_TEAM = ""; INFOPLIST_FILE = Info.plist; INFOPLIST_KEY_CFBundleDisplayName = UnityAssetEditor; INFOPLIST_KEY_LSApplicationCategoryType = "public.app-category.developer-tools"; IPHONEOS_DEPLOYMENT_TARGET = 16.0; LD_RUNPATH_SEARCH_PATHS = "$(inherited) @executable_path/Frameworks"; PRODUCT_BUNDLE_IDENTIFIER = com.example.UnityAssetEditor; PRODUCT_NAME = "$(TARGET_NAME)"; SWIFT_VERSION = 5.0; TARGETED_DEVICE_FAMILY = "1,2"; }; };
		A10000000000000000000082 /* Release */ = {isa = XCBuildConfiguration; buildSettings = { ASSETCATALOG_COMPILER_APPICON_NAME = AppIcon; CODE_SIGN_STYLE = Manual; CODE_SIGNING_ALLOWED = NO; CODE_SIGNING_REQUIRED = NO; CURRENT_PROJECT_VERSION = 1; DEVELOPMENT_TEAM = ""; INFOPLIST_FILE = Info.plist; INFOPLIST_KEY_CFBundleDisplayName = UnityAssetEditor; INFOPLIST_KEY_LSApplicationCategoryType = "public.app-category.developer-tools"; IPHONEOS_DEPLOYMENT_TARGET = 16.0; LD_RUNPATH_SEARCH_PATHS = "$(inherited) @executable_path/Frameworks"; PRODUCT_BUNDLE_IDENTIFIER = com.example.UnityAssetEditor; PRODUCT_NAME = "$(TARGET_NAME)"; SWIFT_VERSION = 5.0; TARGETED_DEVICE_FAMILY = "1,2"; }; };
		A10000000000000000000083 /* Test Debug */ = {isa = XCBuildConfiguration; buildSettings = { CODE_SIGNING_ALLOWED = NO; CODE_SIGNING_REQUIRED = NO; INFOPLIST_FILE = Tests/Info.plist; IPHONEOS_DEPLOYMENT_TARGET = 16.0; PRODUCT_BUNDLE_IDENTIFIER = com.example.UnityAssetEditorTests; PRODUCT_NAME = "$(TARGET_NAME)"; SWIFT_VERSION = 5.0; TEST_HOST = "$(BUILT_PRODUCTS_DIR)/UnityAssetEditor.app/UnityAssetEditor"; BUNDLE_LOADER = "$(TEST_HOST)"; }; };
		A10000000000000000000084 /* Test Release */ = {isa = XCBuildConfiguration; buildSettings = { CODE_SIGNING_ALLOWED = NO; CODE_SIGNING_REQUIRED = NO; INFOPLIST_FILE = Tests/Info.plist; IPHONEOS_DEPLOYMENT_TARGET = 16.0; PRODUCT_BUNDLE_IDENTIFIER = com.example.UnityAssetEditorTests; PRODUCT_NAME = "$(TARGET_NAME)"; SWIFT_VERSION = 5.0; TEST_HOST = "$(BUILT_PRODUCTS_DIR)/UnityAssetEditor.app/UnityAssetEditor"; BUNDLE_LOADER = "$(TEST_HOST)"; }; }
/* End XCBuildConfiguration section */

/* Begin XCConfigurationList section */
		A10000000000000000000071 = {isa = XCConfigurationList; buildConfigurations = (A10000000000000000000081, A10000000000000000000082,); defaultConfigurationIsVisible = 0; defaultConfigurationName = Release; };
		A10000000000000000000072 = {isa = XCConfigurationList; buildConfigurations = (A10000000000000000000081, A10000000000000000000082,); defaultConfigurationIsVisible = 0; defaultConfigurationName = Release; };
		A10000000000000000000073 = {isa = XCConfigurationList; buildConfigurations = (A10000000000000000000083, A10000000000000000000084,); defaultConfigurationIsVisible = 0; defaultConfigurationName = Release; };
/* End XCConfigurationList section */
};
rootObject = A10000000000000000000062;
}
